
Microsoft Visual Studio Solution File, Format Version 12.00
# Visual Studio Version 18
VisualStudioVersion = 18.4.11626.88 stable
MinimumVisualStudioVersion = 10.0.40219.1
Project("{FAE04EC0-301F-11D3-BF4B-00C04F79EFBC}") = "ProSoft", "ProSoft.csproj", "{6DF7E2CF-82BC-D406-F8A5-6AD597EF5BE4}"
EndProject
Global
	GlobalSection(SolutionConfigurationPlatforms) = preSolution
		Debug|Any CPU = Debug|Any CPU
		Release|Any CPU = Release|Any CPU
	EndGlobalSection
	GlobalSection(ProjectConfigurationPlatforms) = postSolution
		{6DF7E2CF-82BC-D406-F8A5-6AD597EF5BE4}.Debug|Any CPU.ActiveCfg = Debug|Any CPU
		{6DF7E2CF-82BC-D406-F8A5-6AD597EF5BE4}.Debug|Any CPU.Build.0 = Debug|Any CPU
		{6DF7E2CF-82BC-D406-F8A5-6AD597EF5BE4}.Release|Any CPU.ActiveCfg = Release|Any CPU
		{6DF7E2CF-82BC-D406-F8A5-6AD597EF5BE4}.Release|Any CPU.Build.0 = Release|Any CPU
	EndGlobalSection
	GlobalSection(SolutionProperties) = preSolution
		HideSolutionNode = FALSE
	EndGlobalSection
	GlobalSection(ExtensibilityGlobals) = postSolution
		SolutionGuid = {48A7289A-A25F-43B3-94FA-BCE2381E764A}
	EndGlobalSection
EndGlobal
